// !$*UTF8*$!
{
	archiveVersion = 1;
	classes = {
	};
	objectVersion = 51;
	objects = {

/* Begin PBXBuildFile section */
		A0AC060C1116B528FCF7D354 /* Pods_ToDoList.framework in Frameworks */ = {isa = PBXBuildFile; fileRef = 4AF93D8E1C3EEE434FC59F4F /* Pods_ToDoList.framework */; };
		B1204D49259216A200A023BE /* AppDelegate.swift in Sources */ = {isa = PBXBuildFile; fileRef = B1204D48259216A200A023BE /* AppDelegate.swift */; };
		B1204D4B259216A200A023BE /* SceneDelegate.swift in Sources */ = {isa = PBXBuildFile; fileRef = B1204D4A259216A200A023BE /* SceneDelegate.swift */; };
		B1204D4D259216A200A023BE /* TodoListViewController.swift in Sources */ = {isa = PBXBuildFile; fileRef = B1204D4C259216A200A023BE /* TodoListViewController.swift */; };
		B1204D50259216A200A023BE /* Main.storyboard in Resources */ = {isa = PBXBuildFile; fileRef = B1204D4E259216A200A023BE /* Main.storyboard */; };
		B1204D52259216A400A023BE /* Assets.xcassets in Resources */ = {isa = PBXBuildFile; fileRef = B1204D51259216A400A023BE /* Assets.xcassets */; };
		B1204D55259216A400A023BE /* LaunchScreen.storyboard in Resources */ = {isa = PBXBuildFile; fileRef = B1204D53259216A400A023BE /* LaunchScreen.storyboard */; };
		B1696386259B7EEA00288B56 /* SwipeTableViewController.swift in Sources */ = {isa = PBXBuildFile; fileRef = B1696385259B7EEA00288B56 /* SwipeTableViewController.swift */; };
		B17FD0CE2597D64F00CE63AF /* CategoryTableViewController.swift in Sources */ = {isa = PBXBuildFile; fileRef = B17FD0CD2597D64F00CE63AF /* CategoryTableViewController.swift */; };
		B1F81DEC2598C750004D8BCA /* Item.swift in Sources */ = {isa = PBXBuildFile; fileRef = B1F81DEB2598C750004D8BCA /* Item.swift */; };
		B1F81DEF2598C75A004D8BCA /* Category.swift in Sources */ = {isa = PBXBuildFile; fileRef = B1F81DEE2598C75A004D8BCA /* Category.swift */; };
/* End PBXBuildFile section */

/* Begin PBXFileReference section */
		4AF93D8E1C3EEE434FC59F4F /* Pods_ToDoList.framework */ = {isa = PBXFileReference; explicitFileType = wrapper.framework; includeInIndex = 0; path = Pods_ToDoList.framework; sourceTree = BUILT_PRODUCTS_DIR; };
		B1204D45259216A200A023BE /* ToDoList.app */ = {isa = PBXFileReference; explicitFileType = wrapper.application; includeInIndex = 0; path = ToDoList.app; sourceTree = BUILT_PRODUCTS_DIR; };
		B1204D48259216A200A023BE /* AppDelegate.swift */ = {isa = PBXFileReference; lastKnownFileType = sourcecode.swift; path = AppDelegate.swift; sourceTree = "<group>"; };
		B1204D4A259216A200A023BE /* SceneDelegate.swift */ = {isa = PBXFileReference; lastKnownFileType = sourcecode.swift; path = SceneDelegate.swift; sourceTree = "<group>"; };
		B1204D4C259216A200A023BE /* TodoListViewController.swift */ = {isa = PBXFileReference; lastKnownFileType = sourcecode.swift; path = TodoListViewController.swift; sourceTree = "<group>"; };
		B1204D4F259216A200A023BE /* Base */ = {isa = PBXFileReference; lastKnownFileType = file.storyboard; name = Base; path = Base.lproj/Main.storyboard; sourceTree = "<group>"; };
		B1204D51259216A400A023BE /* Assets.xcassets */ = {isa = PBXFileReference; lastKnownFileType = folder.assetcatalog; path = Assets.xcassets; sourceTree = "<group>"; };
		B1204D54259216A400A023BE /* Base */ = {isa = PBXFileReference; lastKnownFileType = file.storyboard; name = Base; path = Base.lproj/LaunchScreen.storyboard; sourceTree = "<group>"; };
		B1204D56259216A400A023BE /* Info.plist */ = {isa = PBXFileReference; lastKnownFileType = text.plist.xml; path = Info.plist; sourceTree = "<group>"; };
		B1696385259B7EEA00288B56 /* SwipeTableViewController.swift */ = {isa = PBXFileReference; lastKnownFileType = sourcecode.swift; path = SwipeTableViewController.swift; sourceTree = "<group>"; };
		B17FD0CD2597D64F00CE63AF /* CategoryTableViewController.swift */ = {isa = PBXFileReference; lastKnownFileType = sourcecode.swift; path = CategoryTableViewController.swift; sourceTree = "<group>"; };
		B1F81DEB2598C750004D8BCA /* Item.swift */ = {isa = PBXFileReference; lastKnownFileType = sourcecode.swift; path = Item.swift; sourceTree = "<group>"; };
		B1F81DEE2598C75A004D8BCA /* Category.swift */ = {isa = PBXFileReference; lastKnownFileType = sourcecode.swift; path = Category.swift; sourceTree = "<group>"; };
		D7EC58AA57F44C1305018360 /* Pods-ToDoList.release.xcconfig */ = {isa = PBXFileReference; includeInIndex = 1; lastKnownFileType = text.xcconfig; name = "Pods-ToDoList.release.xcconfig"; path = "Target Support Files/Pods-ToDoList/Pods-ToDoList.release.xcconfig"; sourceTree = "<group>"; };
		EB0A72EC1E7E46C51F410ADB /* Pods-ToDoList.debug.xcconfig */ = {isa = PBXFileReference; includeInIndex = 1; lastKnownFileType = text.xcconfig; name = "Pods-ToDoList.debug.xcconfig"; path = "Target Support Files/Pods-ToDoList/Pods-ToDoList.debug.xcconfig"; sourceTree = "<group>"; };
/* End PBXFileReference section */

/* Begin PBXFrameworksBuildPhase section */
		B1204D42259216A200A023BE /* Frameworks */ = {
			isa = PBXFrameworksBuildPhase;
			buildActionMask = 2147483647;
			files = (
				A0AC060C1116B528FCF7D354 /* Pods_ToDoList.framework in Frameworks */,
			);
			runOnlyForDeploymentPostprocessing = 0;
		};
/* End PBXFrameworksBuildPhase section */

/* Begin PBXGroup section */
		316E5C40BC8DFADE615B8A1C /* Frameworks */ = {
			isa = PBXGroup;
			children = (
				4AF93D8E1C3EEE434FC59F4F /* Pods_ToDoList.framework */,
			);
			name = Frameworks;
			sourceTree = "<group>";
		};
		903C2C0FEA1281EAA8A184EB /* Pods */ = {
			isa = PBXGroup;
			children = (
				EB0A72EC1E7E46C51F410ADB /* Pods-ToDoList.debug.xcconfig */,
				D7EC58AA57F44C1305018360 /* Pods-ToDoList.release.xcconfig */,
			);
			path = Pods;
			sourceTree = "<group>";
		};
		B1204D3C259216A200A023BE = {
			isa = PBXGroup;
			children = (
				B1204D47259216A200A023BE /* ToDoList */,
				B1204D46259216A200A023BE /* Products */,
				903C2C0FEA1281EAA8A184EB /* Pods */,
				316E5C40BC8DFADE615B8A1C /* Frameworks */,
			);
			sourceTree = "<group>";
		};
		B1204D46259216A200A023BE /* Products */ = {
			isa = PBXGroup;
			children = (
				B1204D45259216A200A023BE /* ToDoList.app */,
			);
			name = Products;
			sourceTree = "<group>";
		};
		B1204D47259216A200A023BE /* ToDoList */ = {
			isa = PBXGroup;
			children = (
				B19FFCD625938AF800E3F5FF /* VIew */,
				B19FFCD525938AEF00E3F5FF /* Controllers */,
				B19FFCD425938AEA00E3F5FF /* Model */,
				B1204D48259216A200A023BE /* AppDelegate.swift */,
				B1204D4A259216A200A023BE /* SceneDelegate.swift */,
				B1204D51259216A400A023BE /* Assets.xcassets */,
				B1204D53259216A400A023BE /* LaunchScreen.storyboard */,
				B1204D56259216A400A023BE /* Info.plist */,
			);
			path = ToDoList;
			sourceTree = "<group>";
		};
		B19FFCD425938AEA00E3F5FF /* Model */ = {
			isa = PBXGroup;
			children = (
				B1F81DEB2598C750004D8BCA /* Item.swift */,
				B1F81DEE2598C75A004D8BCA /* Category.swift */,
			);
			path = Model;
			sourceTree = "<group>";
		};
		B19FFCD525938AEF00E3F5FF /* Controllers */ = {
			isa = PBXGroup;
			children = (
				B1204D4C259216A200A023BE /* TodoListViewController.swift */,
				B17FD0CD2597D64F00CE63AF /* CategoryTableViewController.swift */,
				B1696385259B7EEA00288B56 /* SwipeTableViewController.swift */,
			);
			path = Controllers;
			sourceTree = "<group>";
		};
		B19FFCD625938AF800E3F5FF /* VIew */ = {
			isa = PBXGroup;
			children = (
				B1204D4E259216A200A023BE /* Main.storyboard */,
			);
			path = VIew;
			sourceTree = "<group>";
		};
/* End PBXGroup section */

/* Begin PBXNativeTarget section */
		B1204D44259216A200A023BE /* ToDoList */ = {
			isa = PBXNativeTarget;
			buildConfigurationList = B1204D59259216A400A023BE /* Build configuration list for PBXNativeTarget "ToDoList" */;
			buildPhases = (
				3210003DFA7F052CE5CF7549 /* [CP] Check Pods Manifest.lock */,
				B1204D41259216A200A023BE /* Sources */,
				B1204D42259216A200A023BE /* Frameworks */,
				B1204D43259216A200A023BE /* Resources */,
				17B234B269FC0A81BD92276D /* [CP] Embed Pods Frameworks */,
			);
			buildRules = (
			);
			dependencies = (
			);
			name = ToDoList;
			productName = ToDoList;
			productReference = B1204D45259216A200A023BE /* ToDoList.app */;
			productType = "com.apple.product-type.application";
		};
/* End PBXNativeTarget section */

/* Begin PBXProject section */
		B1204D3D259216A200A023BE /* Project object */ = {
			isa = PBXProject;
			attributes = {
				LastSwiftUpdateCheck = 1230;
				LastUpgradeCheck = 1230;
				TargetAttributes = {
					B1204D44259216A200A023BE = {
						CreatedOnToolsVersion = 12.3;
					};
				};
			};
			buildConfigurationList = B1204D40259216A200A023BE /* Build configuration list for PBXProject "ToDoList" */;
			compatibilityVersion = "Xcode 9.3";
			developmentRegion = en;
			hasScannedForEncodings = 0;
			knownRegions = (
				en,
				Base,
			);
			mainGroup = B1204D3C259216A200A023BE;
			productRefGroup = B1204D46259216A200A023BE /* Products */;
			projectDirPath = "";
			projectRoot = "";
			targets = (
				B1204D44259216A200A023BE /* ToDoList */,
			);
		};
/* End PBXProject section */

/* Begin PBXResourcesBuildPhase section */
		B1204D43259216A200A023BE /* Resources */ = {
			isa = PBXResourcesBuildPhase;
			buildActionMask = 2147483647;
			files = (
				B1204D55259216A400A023BE /* LaunchScreen.storyboard in Resources */,
				B1204D52259216A400A023BE /* Assets.xcassets in Resources */,
				B1204D50259216A200A023BE /* Main.storyboard in Resources */,
			);
			runOnlyForDeploymentPostprocessing = 0;
		};
/* End PBXResourcesBuildPhase section */

/* Begin PBXShellScriptBuildPhase section */
		17B234B269FC0A81BD92276D /* [CP] Embed Pods Frameworks */ = {
			isa = PBXShellScriptBuildPhase;
			buildActionMask = 2147483647;
			files = (
			);
			inputFileListPaths = (
				"${PODS_ROOT}/Target Support Files/Pods-ToDoList/Pods-ToDoList-frameworks-${CONFIGURATION}-input-files.xcfilelist",
			);
			name = "[CP] Embed Pods Frameworks";
			outputFileListPaths = (
				"${PODS_ROOT}/Target Support Files/Pods-ToDoList/Pods-ToDoList-frameworks-${CONFIGURATION}-output-files.xcfilelist",
			);
			runOnlyForDeploymentPostprocessing = 0;
			shellPath = /bin/sh;
			shellScript = "\"${PODS_ROOT}/Target Support Files/Pods-ToDoList/Pods-ToDoList-frameworks.sh\"\n";
			showEnvVarsInLog = 0;
		};
		3210003DFA7F052CE5CF7549 /* [CP] Check Pods Manifest.lock */ = {
			isa = PBXShellScriptBuildPhase;
			buildActionMask = 2147483647;
			files = (
			);
			inputFileListPaths = (
			);
			inputPaths = (
				"${PODS_PODFILE_DIR_PATH}/Podfile.lock",
				"${PODS_ROOT}/Manifest.lock",
			);
			name = "[CP] Check Pods Manifest.lock";
			outputFileListPaths = (
			);
			outputPaths = (
				"$(DERIVED_FILE_DIR)/Pods-ToDoList-checkManifestLockResult.txt",
			);
			runOnlyForDeploymentPostprocessing = 0;
			shellPath = /bin/sh;
			shellScript = "diff \"${PODS_PODFILE_DIR_PATH}/Podfile.lock\" \"${PODS_ROOT}/Manifest.lock\" > /dev/null\nif [ $? != 0 ] ; then\n    # print error to STDERR\n    echo \"error: The sandbox is not in sync with the Podfile.lock. Run 'pod install' or update your CocoaPods installation.\" >&2\n    exit 1\nfi\n# This output is used by Xcode 'outputs' to avoid re-running this script phase.\necho \"SUCCESS\" > \"${SCRIPT_OUTPUT_FILE_0}\"\n";
			showEnvVarsInLog = 0;
		};
/* End PBXShellScriptBuildPhase section */

/* Begin PBXSourcesBuildPhase section */
		B1204D41259216A200A023BE /* Sources */ = {
			isa = PBXSourcesBuildPhase;
			buildActionMask = 2147483647;
			files = (
				B1204D4D259216A200A023BE /* TodoListViewController.swift in Sources */,
				B17FD0CE2597D64F00CE63AF /* CategoryTableViewController.swift in Sources */,
				B1204D49259216A200A023BE /* AppDelegate.swift in Sources */,
				B1696386259B7EEA00288B56 /* SwipeTableViewController.swift in Sources */,
				B1F81DEC2598C750004D8BCA /* Item.swift in Sources */,
				B1204D4B259216A200A023BE /* SceneDelegate.swift in Sources */,
				B1F81DEF2598C75A004D8BCA /* Category.swift in Sources */,
			);
			runOnlyForDeploymentPostprocessing = 0;
		};
/* End PBXSourcesBuildPhase section */

/* Begin PBXVariantGroup section */
		B1204D4E259216A200A023BE /* Main.storyboard */ = {
			isa = PBXVariantGroup;
			children = (
				B1204D4F259216A200A023BE /* Base */,
			);
			name = Main.storyboard;
			sourceTree = "<group>";
		};
		B1204D53259216A400A023BE /* LaunchScreen.storyboard */ = {
			isa = PBXVariantGroup;
			children = (
				B1204D54259216A400A023BE /* Base */,
			);
			name = LaunchScreen.storyboard;
			sourceTree = "<group>";
		};
/* End PBXVariantGroup section */

/* Begin XCBuildConfiguration section */
		B1204D57259216A400A023BE /* Debug */ = {
			isa = XCBuildConfiguration;
			buildSettings = {
				ALWAYS_SEARCH_USER_PATHS = NO;
				CLANG_ANALYZER_NONNULL = YES;
				CLANG_ANALYZER_NUMBER_OBJECT_CONVERSION = YES_AGGRESSIVE;
				CLANG_CXX_LANGUAGE_STANDARD = "gnu++14";
				CLANG_CXX_LIBRARY = "libc++";
				CLANG_ENABLE_MODULES = YES;
				CLANG_ENABLE_OBJC_ARC = YES;
				CLANG_ENABLE_OBJC_WEAK = YES;
				CLANG_WARN_BLOCK_CAPTURE_AUTORELEASING = YES;
				CLANG_WARN_BOOL_CONVERSION = YES;
				CLANG_WARN_COMMA = YES;
				CLANG_WARN_CONSTANT_CONVERSION = YES;
				CLANG_WARN_DEPRECATED_OBJC_IMPLEMENTATIONS = YES;
				CLANG_WARN_DIRECT_OBJC_ISA_USAGE = YES_ERROR;
				CLANG_WARN_DOCUMENTATION_COMMENTS = YES;
				CLANG_WARN_EMPTY_BODY = YES;
				CLANG_WARN_ENUM_CONVERSION = YES;
				CLANG_WARN_INFINITE_RECURSION = YES;
				CLANG_WARN_INT_CONVERSION = YES;
				CLANG_WARN_NON_LITERAL_NULL_CONVERSION = YES;
				CLANG_WARN_OBJC_IMPLICIT_RETAIN_SELF = YES;
				CLANG_WARN_OBJC_LITERAL_CONVERSION = YES;
				CLANG_WARN_OBJC_ROOT_CLASS = YES_ERROR;
				CLANG_WARN_QUOTED_INCLUDE_IN_FRAMEWORK_HEADER = YES;
				CLANG_WARN_RANGE_LOOP_ANALYSIS = YES;
				CLANG_WARN_STRICT_PROTOTYPES = YES;
				CLANG_WARN_SUSPICIOUS_MOVE = YES;
				CLANG_WARN_UNGUARDED_AVAILABILITY = YES_AGGRESSIVE;
				CLANG_WARN_UNREACHABLE_CODE = YES;
				CLANG_WARN__DUPLICATE_METHOD_MATCH = YES;
				COPY_PHASE_STRIP = NO;
				DEBUG_INFORMATION_FORMAT = dwarf;
				ENABLE_STRICT_OBJC_MSGSEND = YES;
				ENABLE_TESTABILITY = YES;
				GCC_C_LANGUAGE_STANDARD = gnu11;
				GCC_DYNAMIC_NO_PIC = NO;
				GCC_NO_COMMON_BLOCKS = YES;
				GCC_OPTIMIZATION_LEVEL = 0;
				GCC_PREPROCESSOR_DEFINITIONS = (
					"DEBUG=1",
					"$(inherited)",
				);
				GCC_WARN_64_TO_32_BIT_CONVERSION = YES;
				GCC_WARN_ABOUT_RETURN_TYPE = YES_ERROR;
				GCC_WARN_UNDECLARED_SELECTOR = YES;
				GCC_WARN_UNINITIALIZED_AUTOS = YES_AGGRESSIVE;
				GCC_WARN_UNUSED_FUNCTION = YES;
				GCC_WARN_UNUSED_VARIABLE = YES;
				IPHONEOS_DEPLOYMENT_TARGET = 14.3;
				MTL_ENABLE_DEBUG_INFO = INCLUDE_SOURCE;
				MTL_FAST_MATH = YES;
				ONLY_ACTIVE_ARCH = YES;
				SDKROOT = iphoneos;
				SWIFT_ACTIVE_COMPILATION_CONDITIONS = DEBUG;
				SWIFT_OPTIMIZATION_LEVEL = "-Onone";
			};
			name = Debug;
		};
		B1204D58259216A400A023BE /* Release */ = {
			isa = XCBuildConfiguration;
			buildSettings = {
				ALWAYS_SEARCH_USER_PATHS = NO;
				CLANG_ANALYZER_NONNULL = YES;
				CLANG_ANALYZER_NUMBER_OBJECT_CONVERSION = YES_AGGRESSIVE;
				CLANG_CXX_LANGUAGE_STANDARD = "gnu++14";
				CLANG_CXX_LIBRARY = "libc++";
				CLANG_ENABLE_MODULES = YES;
				CLANG_ENABLE_OBJC_ARC = YES;
				CLANG_ENABLE_OBJC_WEAK = YES;
				CLANG_WARN_BLOCK_CAPTURE_AUTORELEASING = YES;
				CLANG_WARN_BOOL_CONVERSION = YES;
				CLANG_WARN_COMMA = YES;
				CLANG_WARN_CONSTANT_CONVERSION = YES;
				CLANG_WARN_DEPRECATED_OBJC_IMPLEMENTATIONS = YES;
				CLANG_WARN_DIRECT_OBJC_ISA_USAGE = YES_ERROR;
				CLANG_WARN_DOCUMENTATION_COMMENTS = YES;
				CLANG_WARN_EMPTY_BODY = YES;
				CLANG_WARN_ENUM_CONVERSION = YES;
				CLANG_WARN_INFINITE_RECURSION = YES;
				CLANG_WARN_INT_CONVERSION = YES;
				CLANG_WARN_NON_LITERAL_NULL_CONVERSION = YES;
				CLANG_WARN_OBJC_IMPLICIT_RETAIN_SELF = YES;
				CLANG_WARN_OBJC_LITERAL_CONVERSION = YES;
				CLANG_WARN_OBJC_ROOT_CLASS = YES_ERROR;
				CLANG_WARN_QUOTED_INCLUDE_IN_FRAMEWORK_HEADER = YES;
				CLANG_WARN_RANGE_LOOP_ANALYSIS = YES;
				CLANG_WARN_STRICT_PROTOTYPES = YES;
				CLANG_WARN_SUSPICIOUS_MOVE = YES;
				CLANG_WARN_UNGUARDED_AVAILABILITY = YES_AGGRESSIVE;
				CLANG_WARN_UNREACHABLE_CODE = YES;
				CLANG_WARN__DUPLICATE_METHOD_MATCH = YES;
				COPY_PHASE_STRIP = NO;
				DEBUG_INFORMATION_FORMAT = "dwarf-with-dsym";
				ENABLE_NS_ASSERTIONS = NO;
				ENABLE_STRICT_OBJC_MSGSEND = YES;
				GCC_C_LANGUAGE_STANDARD = gnu11;
				GCC_NO_COMMON_BLOCKS = YES;
				GCC_WARN_64_TO_32_BIT_CONVERSION = YES;
				GCC_WARN_ABOUT_RETURN_TYPE = YES_ERROR;
				GCC_WARN_UNDECLARED_SELECTOR = YES;
				GCC_WARN_UNINITIALIZED_AUTOS = YES_AGGRESSIVE;
				GCC_WARN_UNUSED_FUNCTION = YES;
				GCC_WARN_UNUSED_VARIABLE = YES;
				IPHONEOS_DEPLOYMENT_TARGET = 14.3;
				MTL_ENABLE_DEBUG_INFO = NO;
				MTL_FAST_MATH = YES;
				SDKROOT = iphoneos;
				SWIFT_COMPILATION_MODE = wholemodule;
				SWIFT_OPTIMIZATION_LEVEL = "-O";
				VALIDATE_PRODUCT = YES;
			};
			name = Release;
		};
		B1204D5A259216A400A023BE /* Debug */ = {
			isa = XCBuildConfiguration;
			baseConfigurationReference = EB0A72EC1E7E46C51F410ADB /* Pods-ToDoList.debug.xcconfig */;
			buildSettings = {
				ASSETCATALOG_COMPILER_APPICON_NAME = AppIcon;
				ASSETCATALOG_COMPILER_GLOBAL_ACCENT_COLOR_NAME = AccentColor;
				CODE_SIGN_STYLE = Automatic;
				INFOPLIST_FILE = ToDoList/Info.plist;
				LD_RUNPATH_SEARCH_PATHS = (
					"$(inherited)",
					"@executable_path/Frameworks",
				);
				PRODUCT_BUNDLE_IDENTIFIER = victorLee.com.ToDoList;
				PRODUCT_NAME = "$(TARGET_NAME)";
				SWIFT_VERSION = 5.0;
				TARGETED_DEVICE_FAMILY = "1,2";
			};
			name = Debug;
		};
		B1204D5B259216A400A023BE /* Release */ = {
			isa = XCBuildConfiguration;
			baseConfigurationReference = D7EC58AA57F44C1305018360 /* Pods-ToDoList.release.xcconfig */;
			buildSettings = {
				ASSETCATALOG_COMPILER_APPICON_NAME = AppIcon;
				ASSETCATALOG_COMPILER_GLOBAL_ACCENT_COLOR_NAME = AccentColor;
				CODE_SIGN_STYLE = Automatic;
				INFOPLIST_FILE = ToDoList/Info.plist;
				LD_RUNPATH_SEARCH_PATHS = (
					"$(inherited)",
					"@executable_path/Frameworks",
				);
				PRODUCT_BUNDLE_IDENTIFIER = victorLee.com.ToDoList;
				PRODUCT_NAME = "$(TARGET_NAME)";
				SWIFT_VERSION = 5.0;
				TARGETED_DEVICE_FAMILY = "1,2";
			};
			name = Release;
		};
/* End XCBuildConfiguration section */

/* Begin XCConfigurationList section */
		B1204D40259216A200A023BE /* Build configuration list for PBXProject "ToDoList" */ = {
			isa = XCConfigurationList;
			buildConfigurations = (
				B1204D57259216A400A023BE /* Debug */,
				B1204D58259216A400A023BE /* Release */,
			);
			defaultConfigurationIsVisible = 0;
			defaultConfigurationName = Release;
		};
		B1204D59259216A400A023BE /* Build configuration list for PBXNativeTarget "ToDoList" */ = {
			isa = XCConfigurationList;
			buildConfigurations = (
				B1204D5A259216A400A023BE /* Debug */,
				B1204D5B259216A400A023BE /* Release */,
			);
			defaultConfigurationIsVisible = 0;
			defaultConfigurationName = Release;
		};
/* End XCConfigurationList section */
	};
	rootObject = B1204D3D259216A200A023BE /* Project object */;
}
